// !$*UTF8*$!
{
	archiveVersion = 1;
	classes = {
	};
	objectVersion = 46;
	objects = {

/* Begin PBXBuildFile section */
		4447A3981F8F491D0022AD2A /* main.m in Sources */ = {isa = PBXBuildFile; fileRef = 4447A3971F8F491D0022AD2A /* main.m */; };
		4447A39B1F8F491D0022AD2A /* AppDelegate.m in Sources */ = {isa = PBXBuildFile; fileRef = 4447A39A1F8F491D0022AD2A /* AppDelegate.m */; };
		4447A39E1F8F491D0022AD2A /* ViewController.m in Sources */ = {isa = PBXBuildFile; fileRef = 4447A39D1F8F491D0022AD2A /* ViewController.m */; };
		4447A3A11F8F491D0022AD2A /* Main.storyboard in Resources */ = {isa = PBXBuildFile; fileRef = 4447A39F1F8F491D0022AD2A /* Main.storyboard */; };
		4447A3A31F8F491D0022AD2A /* Assets.xcassets in Resources */ = {isa = PBXBuildFile; fileRef = 4447A3A21F8F491D0022AD2A /* Assets.xcassets */; };
		4447A3A61F8F491D0022AD2A /* LaunchScreen.storyboard in Resources */ = {isa = PBXBuildFile; fileRef = 4447A3A41F8F491D0022AD2A /* LaunchScreen.storyboard */; };
		4447A3B11F8F491E0022AD2A /* DOZBTests.m in Sources */ = {isa = PBXBuildFile; fileRef = 4447A3B01F8F491E0022AD2A /* DOZBTests.m */; };
		4447A3BC1F8F491E0022AD2A /* DOZBUITests.m in Sources */ = {isa = PBXBuildFile; fileRef = 4447A3BB1F8F491E0022AD2A /* DOZBUITests.m */; };
/* End PBXBuildFile section */

/* Begin PBXContainerItemProxy section */
		4447A3AD1F8F491E0022AD2A /* PBXContainerItemProxy */ = {
			isa = PBXContainerItemProxy;
			containerPortal = 4447A38B1F8F491D0022AD2A /* Project object */;
			proxyType = 1;
			remoteGlobalIDString = 4447A3921F8F491D0022AD2A;
			remoteInfo = DOZB;
		};
		4447A3B81F8F491E0022AD2A /* PBXContainerItemProxy */ = {
			isa = PBXContainerItemProxy;
			containerPortal = 4447A38B1F8F491D0022AD2A /* Project object */;
			proxyType = 1;
			remoteGlobalIDString = 4447A3921F8F491D0022AD2A;
			remoteInfo = DOZB;
		};
/* End PBXContainerItemProxy section */

/* Begin PBXFileReference section */
		4447A3931F8F491D0022AD2A /* DOZB.app */ = {isa = PBXFileReference; explicitFileType = wrapper.application; includeInIndex = 0; path = DOZB.app; sourceTree = BUILT_PRODUCTS_DIR; };
		4447A3971F8F491D0022AD2A /* main.m */ = {isa = PBXFileReference; lastKnownFileType = sourcecode.c.objc; path = main.m; sourceTree = "<group>"; };
		4447A3991F8F491D0022AD2A /* AppDelegate.h */ = {isa = PBXFileReference; lastKnownFileType = sourcecode.c.h; path = AppDelegate.h; sourceTree = "<group>"; };
		4447A39A1F8F491D0022AD2A /* AppDelegate.m */ = {isa = PBXFileReference; lastKnownFileType = sourcecode.c.objc; path = AppDelegate.m; sourceTree = "<group>"; };
		4447A39C1F8F491D0022AD2A /* ViewController.h */ = {isa = PBXFileReference; lastKnownFileType = sourcecode.c.h; path = ViewController.h; sourceTree = "<group>"; };
		4447A39D1F8F491D0022AD2A /* ViewController.m */ = {isa = PBXFileReference; lastKnownFileType = sourcecode.c.objc; path = ViewController.m; sourceTree = "<group>"; };
		4447A3A01F8F491D0022AD2A /* Base */ = {isa = PBXFileReference; lastKnownFileType = file.storyboard; name = Base; path = Base.lproj/Main.storyboard; sourceTree = "<group>"; };
		4447A3A21F8F491D0022AD2A /* Assets.xcassets */ = {isa = PBXFileReference; lastKnownFileType = folder.assetcatalog; path = Assets.xcassets; sourceTree = "<group>"; };
		4447A3A51F8F491D0022AD2A /* Base */ = {isa = PBXFileReference; lastKnownFileType = file.storyboard; name = Base; path = Base.lproj/LaunchScreen.storyboard; sourceTree = "<group>"; };
		4447A3A71F8F491D0022AD2A /* Info.plist */ = {isa = PBXFileReference; lastKnownFileType = text.plist.xml; path = Info.plist; sourceTree = "<group>"; };
		4447A3AC1F8F491E0022AD2A /* DOZBTests.xctest */ = {isa = PBXFileReference; explicitFileType = wrapper.cfbundle; includeInIndex = 0; path = DOZBTests.xctest; sourceTree = BUILT_PRODUCTS_DIR; };
		4447A3B01F8F491E0022AD2A /* DOZBTests.m */ = {isa = PBXFileReference; lastKnownFileType = sourcecode.c.objc; path = DOZBTests.m; sourceTree = "<group>"; };
		4447A3B21F8F491E0022AD2A /* Info.plist */ = {isa = PBXFileReference; lastKnownFileType = text.plist.xml; path = Info.plist; sourceTree = "<group>"; };
		4447A3B71F8F491E0022AD2A /* DOZBUITests.xctest */ = {isa = PBXFileReference; explicitFileType = wrapper.cfbundle; includeInIndex = 0; path = DOZBUITests.xctest; sourceTree = BUILT_PRODUCTS_DIR; };
		4447A3BB1F8F491E0022AD2A /* DOZBUITests.m */ = {isa = PBXFileReference; lastKnownFileType = sourcecode.c.objc; path = DOZBUITests.m; sourceTree = "<group>"; };
		4447A3BD1F8F491E0022AD2A /* Info.plist */ = {isa = PBXFileReference; lastKnownFileType = text.plist.xml; path = Info.plist; sourceTree = "<group>"; };
/* End PBXFileReference section */

/* Begin PBXFrameworksBuildPhase section */
		4447A3901F8F491D0022AD2A /* Frameworks */ = {
			isa = PBXFrameworksBuildPhase;
			buildActionMask = 2147483647;
			files = (
			);
			runOnlyForDeploymentPostprocessing = 0;
		};
		4447A3A91F8F491E0022AD2A /* Frameworks */ = {
			isa = PBXFrameworksBuildPhase;
			buildActionMask = 2147483647;
			files = (
			);
			runOnlyForDeploymentPostprocessing = 0;
		};
		4447A3B41F8F491E0022AD2A /* Frameworks */ = {
			isa = PBXFrameworksBuildPhase;
			buildActionMask = 2147483647;
			files = (
			);
			runOnlyForDeploymentPostprocessing = 0;
		};
/* End PBXFrameworksBuildPhase section */

/* Begin PBXGroup section */
		4447A38A1F8F491D0022AD2A = {
			isa = PBXGroup;
			children = (
				4447A3951F8F491D0022AD2A /* DOZB */,
				4447A3AF1F8F491E0022AD2A /* DOZBTests */,
				4447A3BA1F8F491E0022AD2A /* DOZBUITests */,
				4447A3941F8F491D0022AD2A /* Products */,
			);
			sourceTree = "<group>";
		};
		4447A3941F8F491D0022AD2A /* Products */ = {
			isa = PBXGroup;
			children = (
				4447A3931F8F491D0022AD2A /* DOZB.app */,
				4447A3AC1F8F491E0022AD2A /* DOZBTests.xctest */,
				4447A3B71F8F491E0022AD2A /* DOZBUITests.xctest */,
			);
			name = Products;
			sourceTree = "<group>";
		};
		4447A3951F8F491D0022AD2A /* DOZB */ = {
			isa = PBXGroup;
			children = (
				4447A3C91F8F53300022AD2A /* Classees */,
				4447A3A21F8F491D0022AD2A /* Assets.xcassets */,
				4447A3A41F8F491D0022AD2A /* LaunchScreen.storyboard */,
				4447A3A71F8F491D0022AD2A /* Info.plist */,
				4447A3961F8F491D0022AD2A /* Supporting Files */,
			);
			path = DOZB;
			sourceTree = "<group>";
		};
		4447A3961F8F491D0022AD2A /* Supporting Files */ = {
			isa = PBXGroup;
			children = (
				4447A3971F8F491D0022AD2A /* main.m */,
			);
			name = "Supporting Files";
			sourceTree = "<group>";
		};
		4447A3AF1F8F491E0022AD2A /* DOZBTests */ = {
			isa = PBXGroup;
			children = (
				4447A3B01F8F491E0022AD2A /* DOZBTests.m */,
				4447A3B21F8F491E0022AD2A /* Info.plist */,
			);
			path = DOZBTests;
			sourceTree = "<group>";
		};
		4447A3BA1F8F491E0022AD2A /* DOZBUITests */ = {
			isa = PBXGroup;
			children = (
				4447A3BB1F8F491E0022AD2A /* DOZBUITests.m */,
				4447A3BD1F8F491E0022AD2A /* Info.plist */,
			);
			path = DOZBUITests;
			sourceTree = "<group>";
		};
		4447A3C91F8F53300022AD2A /* Classees */ = {
			isa = PBXGroup;
			children = (
				4447A3CA1F8F53450022AD2A /* Main(主要) */,
				4447A3CB1F8F535E0022AD2A /* Home(首页) */,
				4447A3CC1F8F537B0022AD2A /* Live(直播) */,
				4447A3CD1F8F53910022AD2A /* Follow(关注) */,
				4447A3CE1F8F53A80022AD2A /* Tools(工具) */,
			);
			name = Classees;
			sourceTree = "<group>";
		};
		4447A3CA1F8F53450022AD2A /* Main(主要) */ = {
			isa = PBXGroup;
			children = (
				4447A3991F8F491D0022AD2A /* AppDelegate.h */,
				4447A39A1F8F491D0022AD2A /* AppDelegate.m */,
				4447A39F1F8F491D0022AD2A /* Main.storyboard */,
			);
			name = "Main(主要)";
			sourceTree = "<group>";
		};
		4447A3CB1F8F535E0022AD2A /* Home(首页) */ = {
			isa = PBXGroup;
			children = (
				4447A39C1F8F491D0022AD2A /* ViewController.h */,
				4447A39D1F8F491D0022AD2A /* ViewController.m */,
			);
			name = "Home(首页)";
			sourceTree = "<group>";
		};
		4447A3CC1F8F537B0022AD2A /* Live(直播) */ = {
			isa = PBXGroup;
			children = (
			);
			name = "Live(直播)";
			sourceTree = "<group>";
		};
		4447A3CD1F8F53910022AD2A /* Follow(关注) */ = {
			isa = PBXGroup;
			children = (
			);
			name = "Follow(关注)";
			sourceTree = "<group>";
		};
		4447A3CE1F8F53A80022AD2A /* Tools(工具) */ = {
			isa = PBXGroup;
			children = (
			);
			name = "Tools(工具)";
			sourceTree = "<group>";
		};
/* End PBXGroup section */

/* Begin PBXNativeTarget section */
		4447A3921F8F491D0022AD2A /* DOZB */ = {
			isa = PBXNativeTarget;
			buildConfigurationList = 4447A3C01F8F491E0022AD2A /* Build configuration list for PBXNativeTarget "DOZB" */;
			buildPhases = (
				4447A38F1F8F491D0022AD2A /* Sources */,
				4447A3901F8F491D0022AD2A /* Frameworks */,
				4447A3911F8F491D0022AD2A /* Resources */,
			);
			buildRules = (
			);
			dependencies = (
			);
			name = DOZB;
			productName = DOZB;
			productReference = 4447A3931F8F491D0022AD2A /* DOZB.app */;
			productType = "com.apple.product-type.application";
		};
		4447A3AB1F8F491E0022AD2A /* DOZBTests */ = {
			isa = PBXNativeTarget;
			buildConfigurationList = 4447A3C31F8F491E0022AD2A /* Build configuration list for PBXNativeTarget "DOZBTests" */;
			buildPhases = (
				4447A3A81F8F491E0022AD2A /* Sources */,
				4447A3A91F8F491E0022AD2A /* Frameworks */,
				4447A3AA1F8F491E0022AD2A /* Resources */,
			);
			buildRules = (
			);
			dependencies = (
				4447A3AE1F8F491E0022AD2A /* PBXTargetDependency */,
			);
			name = DOZBTests;
			productName = DOZBTests;
			productReference = 4447A3AC1F8F491E0022AD2A /* DOZBTests.xctest */;
			productType = "com.apple.product-type.bundle.unit-test";
		};
		4447A3B61F8F491E0022AD2A /* DOZBUITests */ = {
			isa = PBXNativeTarget;
			buildConfigurationList = 4447A3C61F8F491E0022AD2A /* Build configuration list for PBXNativeTarget "DOZBUITests" */;
			buildPhases = (
				4447A3B31F8F491E0022AD2A /* Sources */,
				4447A3B41F8F491E0022AD2A /* Frameworks */,
				4447A3B51F8F491E0022AD2A /* Resources */,
			);
			buildRules = (
			);
			dependencies = (
				4447A3B91F8F491E0022AD2A /* PBXTargetDependency */,
			);
			name = DOZBUITests;
			productName = DOZBUITests;
			productReference = 4447A3B71F8F491E0022AD2A /* DOZBUITests.xctest */;
			productType = "com.apple.product-type.bundle.ui-testing";
		};
/* End PBXNativeTarget section */

/* Begin PBXProject section */
		4447A38B1F8F491D0022AD2A /* Project object */ = {
			isa = PBXProject;
			attributes = {
				LastUpgradeCheck = 0820;
				ORGANIZATIONNAME = "蒋毅轩";
				TargetAttributes = {
					4447A3921F8F491D0022AD2A = {
						CreatedOnToolsVersion = 8.2;
						DevelopmentTeam = R9FRMHN6E5;
						ProvisioningStyle = Manual;
					};
					4447A3AB1F8F491E0022AD2A = {
						CreatedOnToolsVersion = 8.2;
						DevelopmentTeam = Y58GP294AU;
						ProvisioningStyle = Automatic;
						TestTargetID = 4447A3921F8F491D0022AD2A;
					};
					4447A3B61F8F491E0022AD2A = {
						CreatedOnToolsVersion = 8.2;
						DevelopmentTeam = Y58GP294AU;
						ProvisioningStyle = Automatic;
						TestTargetID = 4447A3921F8F491D0022AD2A;
					};
				};
			};
			buildConfigurationList = 4447A38E1F8F491D0022AD2A /* Build configuration list for PBXProject "DOZB" */;
			compatibilityVersion = "Xcode 3.2";
			developmentRegion = English;
			hasScannedForEncodings = 0;
			knownRegions = (
				en,
				Base,
			);
			mainGroup = 4447A38A1F8F491D0022AD2A;
			productRefGroup = 4447A3941F8F491D0022AD2A /* Products */;
			projectDirPath = "";
			projectRoot = "";
			targets = (
				4447A3921F8F491D0022AD2A /* DOZB */,
				4447A3AB1F8F491E0022AD2A /* DOZBTests */,
				4447A3B61F8F491E0022AD2A /* DOZBUITests */,
			);
		};
/* End PBXProject section */

/* Begin PBXResourcesBuildPhase section */
		4447A3911F8F491D0022AD2A /* Resources */ = {
			isa = PBXResourcesBuildPhase;
			buildActionMask = 2147483647;
			files = (
				4447A3A61F8F491D0022AD2A /* LaunchScreen.storyboard in Resources */,
				4447A3A31F8F491D0022AD2A /* Assets.xcassets in Resources */,
				4447A3A11F8F491D0022AD2A /* Main.storyboard in Resources */,
			);
			runOnlyForDeploymentPostprocessing = 0;
		};
		4447A3AA1F8F491E0022AD2A /* Resources */ = {
			isa = PBXResourcesBuildPhase;
			buildActionMask = 2147483647;
			files = (
			);
			runOnlyForDeploymentPostprocessing = 0;
		};
		4447A3B51F8F491E0022AD2A /* Resources */ = {
			isa = PBXResourcesBuildPhase;
			buildActionMask = 2147483647;
			files = (
			);
			runOnlyForDeploymentPostprocessing = 0;
		};
/* End PBXResourcesBuildPhase section */

/* Begin PBXSourcesBuildPhase section */
		4447A38F1F8F491D0022AD2A /* Sources */ = {
			isa = PBXSourcesBuildPhase;
			buildActionMask = 2147483647;
			files = (
				4447A39E1F8F491D0022AD2A /* ViewController.m in Sources */,
				4447A39B1F8F491D0022AD2A /* AppDelegate.m in Sources */,
				4447A3981F8F491D0022AD2A /* main.m in Sources */,
			);
			runOnlyForDeploymentPostprocessing = 0;
		};
		4447A3A81F8F491E0022AD2A /* Sources */ = {
			isa = PBXSourcesBuildPhase;
			buildActionMask = 2147483647;
			files = (
				4447A3B11F8F491E0022AD2A /* DOZBTests.m in Sources */,
			);
			runOnlyForDeploymentPostprocessing = 0;
		};
		4447A3B31F8F491E0022AD2A /* Sources */ = {
			isa = PBXSourcesBuildPhase;
			buildActionMask = 2147483647;
			files = (
				4447A3BC1F8F491E0022AD2A /* DOZBUITests.m in Sources */,
			);
			runOnlyForDeploymentPostprocessing = 0;
		};
/* End PBXSourcesBuildPhase section */

/* Begin PBXTargetDependency section */
		4447A3AE1F8F491E0022AD2A /* PBXTargetDependency */ = {
			isa = PBXTargetDependency;
			target = 4447A3921F8F491D0022AD2A /* DOZB */;
			targetProxy = 4447A3AD1F8F491E0022AD2A /* PBXContainerItemProxy */;
		};
		4447A3B91F8F491E0022AD2A /* PBXTargetDependency */ = {
			isa = PBXTargetDependency;
			target = 4447A3921F8F491D0022AD2A /* DOZB */;
			targetProxy = 4447A3B81F8F491E0022AD2A /* PBXContainerItemProxy */;
		};
/* End PBXTargetDependency section */

/* Begin PBXVariantGroup section */
		4447A39F1F8F491D0022AD2A /* Main.storyboard */ = {
			isa = PBXVariantGroup;
			children = (
				4447A3A01F8F491D0022AD2A /* Base */,
			);
			name = Main.storyboard;
			sourceTree = "<group>";
		};
		4447A3A41F8F491D0022AD2A /* LaunchScreen.storyboard */ = {
			isa = PBXVariantGroup;
			children = (
				4447A3A51F8F491D0022AD2A /* Base */,
			);
			name = LaunchScreen.storyboard;
			sourceTree = "<group>";
		};
/* End PBXVariantGroup section */

/* Begin XCBuildConfiguration section */
		4447A3BE1F8F491E0022AD2A /* Debug */ = {
			isa = XCBuildConfiguration;
			buildSettings = {
				ALWAYS_SEARCH_USER_PATHS = NO;
				CLANG_ANALYZER_NONNULL = YES;
				CLANG_CXX_LANGUAGE_STANDARD = "gnu++0x";
				CLANG_CXX_LIBRARY = "libc++";
				CLANG_ENABLE_MODULES = YES;
				CLANG_ENABLE_OBJC_ARC = YES;
				CLANG_WARN_BOOL_CONVERSION = YES;
				CLANG_WARN_CONSTANT_CONVERSION = YES;
				CLANG_WARN_DIRECT_OBJC_ISA_USAGE = YES_ERROR;
				CLANG_WARN_DOCUMENTATION_COMMENTS = YES;
				CLANG_WARN_EMPTY_BODY = YES;
				CLANG_WARN_ENUM_CONVERSION = YES;
				CLANG_WARN_INFINITE_RECURSION = YES;
				CLANG_WARN_INT_CONVERSION = YES;
				CLANG_WARN_OBJC_ROOT_CLASS = YES_ERROR;
				CLANG_WARN_SUSPICIOUS_MOVE = YES;
				CLANG_WARN_UNREACHABLE_CODE = YES;
				CLANG_WARN__DUPLICATE_METHOD_MATCH = YES;
				"CODE_SIGN_IDENTITY[sdk=iphoneos*]" = "iPhone Developer";
				COPY_PHASE_STRIP = NO;
				DEBUG_INFORMATION_FORMAT = dwarf;
				ENABLE_STRICT_OBJC_MSGSEND = YES;
				ENABLE_TESTABILITY = YES;
				GCC_C_LANGUAGE_STANDARD = gnu99;
				GCC_DYNAMIC_NO_PIC = NO;
				GCC_NO_COMMON_BLOCKS = YES;
				GCC_OPTIMIZATION_LEVEL = 0;
				GCC_PREPROCESSOR_DEFINITIONS = (
					"DEBUG=1",
					"$(inherited)",
				);
				GCC_WARN_64_TO_32_BIT_CONVERSION = YES;
				GCC_WARN_ABOUT_RETURN_TYPE = YES_ERROR;
				GCC_WARN_UNDECLARED_SELECTOR = YES;
				GCC_WARN_UNINITIALIZED_AUTOS = YES_AGGRESSIVE;
				GCC_WARN_UNUSED_FUNCTION = YES;
				GCC_WARN_UNUSED_VARIABLE = YES;
				IPHONEOS_DEPLOYMENT_TARGET = 10.2;
				MTL_ENABLE_DEBUG_INFO = YES;
				ONLY_ACTIVE_ARCH = YES;
				SDKROOT = iphoneos;
				TARGETED_DEVICE_FAMILY = "1,2";
			};
			name = Debug;
		};
		4447A3BF1F8F491E0022AD2A /* Release */ = {
			isa = XCBuildConfiguration;
			buildSettings = {
				ALWAYS_SEARCH_USER_PATHS = NO;
				CLANG_ANALYZER_NONNULL = YES;
				CLANG_CXX_LANGUAGE_STANDARD = "gnu++0x";
				CLANG_CXX_LIBRARY = "libc++";
				CLANG_ENABLE_MODULES = YES;
				CLANG_ENABLE_OBJC_ARC = YES;
				CLANG_WARN_BOOL_CONVERSION = YES;
				CLANG_WARN_CONSTANT_CONVERSION = YES;
				CLANG_WARN_DIRECT_OBJC_ISA_USAGE = YES_ERROR;
				CLANG_WARN_DOCUMENTATION_COMMENTS = YES;
				CLANG_WARN_EMPTY_BODY = YES;
				CLANG_WARN_ENUM_CONVERSION = YES;
				CLANG_WARN_INFINITE_RECURSION = YES;
				CLANG_WARN_INT_CONVERSION = YES;
				CLANG_WARN_OBJC_ROOT_CLASS = YES_ERROR;
				CLANG_WARN_SUSPICIOUS_MOVE = YES;
				CLANG_WARN_UNREACHABLE_CODE = YES;
				CLANG_WARN__DUPLICATE_METHOD_MATCH = YES;
				"CODE_SIGN_IDENTITY[sdk=iphoneos*]" = "iPhone Developer";
				COPY_PHASE_STRIP = NO;
				DEBUG_INFORMATION_FORMAT = "dwarf-with-dsym";
				ENABLE_NS_ASSERTIONS = NO;
				ENABLE_STRICT_OBJC_MSGSEND = YES;
				GCC_C_LANGUAGE_STANDARD = gnu99;
				GCC_NO_COMMON_BLOCKS = YES;
				GCC_WARN_64_TO_32_BIT_CONVERSION = YES;
				GCC_WARN_ABOUT_RETURN_TYPE = YES_ERROR;
				GCC_WARN_UNDECLARED_SELECTOR = YES;
				GCC_WARN_UNINITIALIZED_AUTOS = YES_AGGRESSIVE;
				GCC_WARN_UNUSED_FUNCTION = YES;
				GCC_WARN_UNUSED_VARIABLE = YES;
				IPHONEOS_DEPLOYMENT_TARGET = 10.2;
				MTL_ENABLE_DEBUG_INFO = NO;
				SDKROOT = iphoneos;
				TARGETED_DEVICE_FAMILY = "1,2";
				VALIDATE_PRODUCT = YES;
			};
			name = Release;
		};
		4447A3C11F8F491E0022AD2A /* Debug */ = {
			isa = XCBuildConfiguration;
			buildSettings = {
				ASSETCATALOG_COMPILER_APPICON_NAME = AppIcon;
				ASSETCATALOG_COMPILER_LAUNCHIMAGE_NAME = LaunchImage;
				DEVELOPMENT_TEAM = R9FRMHN6E5;
				INFOPLIST_FILE = DOZB/Info.plist;
				LD_RUNPATH_SEARCH_PATHS = "$(inherited) @executable_path/Frameworks";
				PRODUCT_BUNDLE_IDENTIFIER = com.yixuan.DOZB;
				PRODUCT_NAME = "$(TARGET_NAME)";
				PROVISIONING_PROFILE = "64a28c66-607f-448b-9e82-65bd62d96b3a";
				PROVISIONING_PROFILE_SPECIFIER = "yx_ Development_ profile";
			};
			name = Debug;
		};
		4447A3C21F8F491E0022AD2A /* Release */ = {
			isa = XCBuildConfiguration;
			buildSettings = {
				ASSETCATALOG_COMPILER_APPICON_NAME = AppIcon;
				ASSETCATALOG_COMPILER_LAUNCHIMAGE_NAME = LaunchImage;
				DEVELOPMENT_TEAM = R9FRMHN6E5;
				INFOPLIST_FILE = DOZB/Info.plist;
				LD_RUNPATH_SEARCH_PATHS = "$(inherited) @executable_path/Frameworks";
				PRODUCT_BUNDLE_IDENTIFIER = com.yixuan.DOZB;
				PRODUCT_NAME = "$(TARGET_NAME)";
				PROVISIONING_PROFILE = "64a28c66-607f-448b-9e82-65bd62d96b3a";
				PROVISIONING_PROFILE_SPECIFIER = "yx_ Development_ profile";
			};
			name = Release;
		};
		4447A3C41F8F491E0022AD2A /* Debug */ = {
			isa = XCBuildConfiguration;
			buildSettings = {
				BUNDLE_LOADER = "$(TEST_HOST)";
				DEVELOPMENT_TEAM = Y58GP294AU;
				INFOPLIST_FILE = DOZBTests/Info.plist;
				LD_RUNPATH_SEARCH_PATHS = "$(inherited) @executable_path/Frameworks @loader_path/Frameworks";
				PRODUCT_BUNDLE_IDENTIFIER = com.yixuan.DOZBTests;
				PRODUCT_NAME = "$(TARGET_NAME)";
				TEST_HOST = "$(BUILT_PRODUCTS_DIR)/DOZB.app/DOZB";
			};
			name = Debug;
		};
		4447A3C51F8F491E0022AD2A /* Release */ = {
			isa = XCBuildConfiguration;
			buildSettings = {
				BUNDLE_LOADER = "$(TEST_HOST)";
				DEVELOPMENT_TEAM = Y58GP294AU;
				INFOPLIST_FILE = DOZBTests/Info.plist;
				LD_RUNPATH_SEARCH_PATHS = "$(inherited) @executable_path/Frameworks @loader_path/Frameworks";
				PRODUCT_BUNDLE_IDENTIFIER = com.yixuan.DOZBTests;
				PRODUCT_NAME = "$(TARGET_NAME)";
				TEST_HOST = "$(BUILT_PRODUCTS_DIR)/DOZB.app/DOZB";
			};
			name = Release;
		};
		4447A3C71F8F491E0022AD2A /* Debug */ = {
			isa = XCBuildConfiguration;
			buildSettings = {
				DEVELOPMENT_TEAM = Y58GP294AU;
				INFOPLIST_FILE = DOZBUITests/Info.plist;
				LD_RUNPATH_SEARCH_PATHS = "$(inherited) @executable_path/Frameworks @loader_path/Frameworks";
				PRODUCT_BUNDLE_IDENTIFIER = com.yixuan.DOZBUITests;
				PRODUCT_NAME = "$(TARGET_NAME)";
				TEST_TARGET_NAME = DOZB;
			};
			name = Debug;
		};
		4447A3C81F8F491E0022AD2A /* Release */ = {
			isa = XCBuildConfiguration;
			buildSettings = {
				DEVELOPMENT_TEAM = Y58GP294AU;
				INFOPLIST_FILE = DOZBUITests/Info.plist;
				LD_RUNPATH_SEARCH_PATHS = "$(inherited) @executable_path/Frameworks @loader_path/Frameworks";
				PRODUCT_BUNDLE_IDENTIFIER = com.yixuan.DOZBUITests;
				PRODUCT_NAME = "$(TARGET_NAME)";
				TEST_TARGET_NAME = DOZB;
			};
			name = Release;
		};
/* End XCBuildConfiguration section */

/* Begin XCConfigurationList section */
		4447A38E1F8F491D0022AD2A /* Build configuration list for PBXProject "DOZB" */ = {
			isa = XCConfigurationList;
			buildConfigurations = (
				4447A3BE1F8F491E0022AD2A /* Debug */,
				4447A3BF1F8F491E0022AD2A /* Release */,
			);
			defaultConfigurationIsVisible = 0;
			defaultConfigurationName = Release;
		};
		4447A3C01F8F491E0022AD2A /* Build configuration list for PBXNativeTarget "DOZB" */ = {
			isa = XCConfigurationList;
			buildConfigurations = (
				4447A3C11F8F491E0022AD2A /* Debug */,
				4447A3C21F8F491E0022AD2A /* Release */,
			);
			defaultConfigurationIsVisible = 0;
			defaultConfigurationName = Release;
		};
		4447A3C31F8F491E0022AD2A /* Build configuration list for PBXNativeTarget "DOZBTests" */ = {
			isa = XCConfigurationList;
			buildConfigurations = (
				4447A3C41F8F491E0022AD2A /* Debug */,
				4447A3C51F8F491E0022AD2A /* Release */,
			);
			defaultConfigurationIsVisible = 0;
			defaultConfigurationName = Release;
		};
		4447A3C61F8F491E0022AD2A /* Build configuration list for PBXNativeTarget "DOZBUITests" */ = {
			isa = XCConfigurationList;
			buildConfigurations = (
				4447A3C71F8F491E0022AD2A /* Debug */,
				4447A3C81F8F491E0022AD2A /* Release */,
			);
			defaultConfigurationIsVisible = 0;
			defaultConfigurationName = Release;
		};
/* End XCConfigurationList section */
	};
	rootObject = 4447A38B1F8F491D0022AD2A /* Project object */;
}
